# This file is automatically @generated by Poetry 1.8.3 and should not be changed by hand.

[[package]]
name = "typos"
version = "1.22.3"
description = "Source Code Spelling Correction"
optional = false
python-versions = ">=3.7"
files = [
    {file = "typos-1.22.3-py3-none-macosx_10_12_x86_64.whl", hash = "sha256:079e996993ad949893b126fdece1cfe8f1caf824ffc603a6b800d983017af191"},
    {file = "typos-1.22.3-py3-none-macosx_11_0_arm64.whl", hash = "sha256:46cf840244676e5b78742bd722a3ce42162b525a6dff5fa5ba97e5192f704a73"},
    {file = "typos-1.22.3-py3-none-manylinux_2_17_aarch64.manylinux2014_aarch64.whl", hash = "sha256:7cee17f30c6f6a4e43921c6f5d0e6bb00dfdd2e0786ae823b6825d3baf21b59c"},
    {file = "typos-1.22.3-py3-none-manylinux_2_17_i686.manylinux2014_i686.whl", hash = "sha256:5623df5c03201ab6f096ced653ea0d863da37f80964280569c11356472db0d88"},
    {file = "typos-1.22.3-py3-none-manylinux_2_17_x86_64.manylinux2014_x86_64.whl", hash = "sha256:ef7f3648e04eb992e941418189e2be2002efcd57c28221c03bb0b8e728743600"},
    {file = "typos-1.22.3-py3-none-musllinux_1_2_aarch64.whl", hash = "sha256:3ef1b4ba30623784cfce1a82fed822d90f5aed471432f621f68435d109360fab"},
    {file = "typos-1.22.3-py3-none-musllinux_1_2_x86_64.whl", hash = "sha256:2b273e9a82de399fe7683f378dcbf2d5956dbbfa0a8cc5338df20e5ac99a1e83"},
    {file = "typos-1.22.3-py3-none-win32.whl", hash = "sha256:e7f3f6e0bb29194ffe54ed98a61cb9574a8bd3e98b72b9c6d26dd31d0c2d689e"},
    {file = "typos-1.22.3-py3-none-win_amd64.whl", hash = "sha256:7aa68221dcd9290ded8f53c1eccabe2e7f827a65534ea09a72d98b452eefb9bd"},
    {file = "typos-1.22.3.tar.gz", hash = "sha256:ef444b5ed0d5608563760569d37b9db1dd82c7c0746a6d492441f6e8fc92d790"},
]

[metadata]
lock-version = "2.0"
python-versions = "^3.7"
content-hash = "ac5c14bebf10a62c721e4df41ac7450f290666f74d905e794b3a448e73c8e4d5"
